{
  "version": 4,
  "terraform_version": "1.14.9",
  "serial": 9,
  "lineage": "6e4d1fd2-5604-c1a9-e869-63bacb27ff49",
  "outputs": {},
  "resources": [
    {
      "mode": "managed",
      "type": "aws_internet_gateway",
      "name": "project3_igw",
      "provider": "provider[\"registry.terraform.io/hashicorp/aws\"]",
      "instances": [
        {
          "schema_version": 0,
          "attributes": {
            "arn": "arn:aws:ec2:us-east-1:127424155409:internet-gateway/igw-0e04ecf0bc219e973",
            "id": "igw-0e04ecf0bc219e973",
            "owner_id": "127424155409",
            "tags": {
              "Name": "project3-igw"
            },
            "tags_all": {
              "Name": "project3-igw"
            },
            "timeouts": null,
            "vpc_id": "vpc-0a1f1e1ff972d0dde"
          },
          "sensitive_attributes": [],
          "identity_schema_version": 0,
          "private": "eyJlMmJmYjczMC1lY2FhLTExZTYtOGY4OC0zNDM2M2JjN2M0YzAiOnsiY3JlYXRlIjoxMjAwMDAwMDAwMDAwLCJkZWxldGUiOjEyMDAwMDAwMDAwMDAsInVwZGF0ZSI6MTIwMDAwMDAwMDAwMH19",
          "dependencies": [
            "aws_vpc.project3_vpc"
          ]
        }
      ]
    },
    {
      "mode": "managed",
      "type": "aws_key_pair",
      "name": "project3",
      "provider": "provider[\"registry.terraform.io/hashicorp/aws\"]",
      "instances": [
        {
          "schema_version": 1,
          "attributes": {
            "arn": "arn:aws:ec2:us-east-1:127424155409:key-pair/project3-keypair",
            "fingerprint": "f6:b7:6f:6e:97:5f:f8:7b:f9:de:2f:62:cd:2b:ba:82",
            "id": "project3-keypair",
            "key_name": "project3-keypair",
            "key_name_prefix": "",
            "key_pair_id": "key-0274164486aa30437",
            "key_type": "rsa",
            "public_key": "ssh-rsa AAAAB3NzaC1yc2EAAAADAQABAAACAQDiwHI3NV/ksVvp1FXcPwmTR8Z1wN2IQNZvksHOqnaVdZCes29IxTGWLJhV3/VwBtxeWPo6P+uySeiPE3qRQx4HTgVazbL4hlbi2wBBAn/bHZ6S2GIRPxomcH8wjXutMDVzuiuzfD2tZv+i/vfamlRk2jE/4F9lxMXLYwJqLjdJDo4Uov7UEcn6Ub/WpApGLodmB2SenEqkBELYvfpgKeHCeRNFeRnWYMCHK2c1KkSQ/qxW1sij9e++X9rPA24jBg1S2iqP3uS/GdrjIoHnwxqgR28KS4hiv0ns3GHmzyvwXU0Bi4/0FN/OIpoMPV3Ou4zA3atrmQYGkAx1JqAXAK54ugM4COVCM6DdTCwX0+OuyI6Gr0FNzWucFYZbdWip8WczfwWNzNKJyWSSoe8ZHhuQ+XOppnDnndjry4XoxeyP0K274RF5F7/H+56RM3HQAh5m/xDjxlurswDMDc+f0/P0cOTqYAe1uWqu8R/51ewYgZdoB+SNCEjWvAOKDbSMP09kTBCCcHQ0ZHe9cBhhYV+7TOzAWf7HYk5TybiVXY/Uzh31WPstgG5q4qp8yzqhNUy6X0hVIQBVKuActIOPGl2Svvq2xzYsRt9Nl0zaJIX5AkumjT/pO3Bao1jNMk6UyCO1pcTdD3+hhtlfyq2MggqRHh4jgFcKOkWY7VGIerXtPw== woha@woha-l5p",
            "tags": null,
            "tags_all": {}
          },
          "sensitive_attributes": [],
          "identity_schema_version": 0,
          "private": "eyJzY2hlbWFfdmVyc2lvbiI6IjEifQ=="
        }
      ]
    },
    {
      "mode": "managed",
      "type": "aws_route_table",
      "name": "project3_rt",
      "provider": "provider[\"registry.terraform.io/hashicorp/aws\"]",
      "instances": [
        {
          "schema_version": 0,
          "attributes": {
            "arn": "arn:aws:ec2:us-east-1:127424155409:route-table/rtb-0e56ad445c3894dff",
            "id": "rtb-0e56ad445c3894dff",
            "owner_id": "127424155409",
            "propagating_vgws": [],
            "route": [
              {
                "carrier_gateway_id": "",
                "cidr_block": "0.0.0.0/0",
                "core_network_arn": "",
                "destination_prefix_list_id": "",
                "egress_only_gateway_id": "",
                "gateway_id": "igw-0e04ecf0bc219e973",
                "ipv6_cidr_block": "",
                "local_gateway_id": "",
                "nat_gateway_id": "",
                "network_interface_id": "",
                "transit_gateway_id": "",
                "vpc_endpoint_id": "",
                "vpc_peering_connection_id": ""
              }
            ],
            "tags": {
              "Name": "project3-rt"
            },
            "tags_all": {
              "Name": "project3-rt"
            },
            "timeouts": null,
            "vpc_id": "vpc-0a1f1e1ff972d0dde"
          },
          "sensitive_attributes": [],
          "identity_schema_version": 0,
          "private": "eyJlMmJmYjczMC1lY2FhLTExZTYtOGY4OC0zNDM2M2JjN2M0YzAiOnsiY3JlYXRlIjozMDAwMDAwMDAwMDAsImRlbGV0ZSI6MzAwMDAwMDAwMDAwLCJ1cGRhdGUiOjEyMDAwMDAwMDAwMH19",
          "dependencies": [
            "aws_internet_gateway.project3_igw",
            "aws_vpc.project3_vpc"
          ]
        }
      ]
    },
    {
      "mode": "managed",
      "type": "aws_route_table_association",
      "name": "project3_rta",
      "provider": "provider[\"registry.terraform.io/hashicorp/aws\"]",
      "instances": [
        {
          "schema_version": 0,
          "attributes": {
            "gateway_id": "",
            "id": "rtbassoc-0ec88498dd840423f",
            "route_table_id": "rtb-0e56ad445c3894dff",
            "subnet_id": "subnet-074133dc2906fa787",
            "timeouts": null
          },
          "sensitive_attributes": [],
          "identity_schema_version": 0,
          "private": "eyJlMmJmYjczMC1lY2FhLTExZTYtOGY4OC0zNDM2M2JjN2M0YzAiOnsiY3JlYXRlIjozMDAwMDAwMDAwMDAsImRlbGV0ZSI6MzAwMDAwMDAwMDAwLCJ1cGRhdGUiOjEyMDAwMDAwMDAwMH19",
          "dependencies": [
            "aws_internet_gateway.project3_igw",
            "aws_route_table.project3_rt",
            "aws_subnet.project3_subnet",
            "aws_vpc.project3_vpc"
          ]
        }
      ]
    },
    {
      "mode": "managed",
      "type": "aws_security_group",
      "name": "project3_sg",
      "provider": "provider[\"registry.terraform.io/hashicorp/aws\"]",
      "instances": [
        {
          "schema_version": 1,
          "attributes": {
            "arn": "arn:aws:ec2:us-east-1:127424155409:security-group/sg-06a831193c6319a73",
            "description": "Allow SSH, HTTP, and ArgoCD access",
            "egress": [
              {
                "cidr_blocks": [
                  "0.0.0.0/0"
                ],
                "description": "",
                "from_port": 0,
                "ipv6_cidr_blocks": [],
                "prefix_list_ids": [],
                "protocol": "-1",
                "security_groups": [],
                "self": false,
                "to_port": 0
              }
            ],
            "id": "sg-06a831193c6319a73",
            "ingress": [
              {
                "cidr_blocks": [
                  "0.0.0.0/0"
                ],
                "description": "ArgoCD",
                "from_port": 8080,
                "ipv6_cidr_blocks": [],
                "prefix_list_ids": [],
                "protocol": "tcp",
                "security_groups": [],
                "self": false,
                "to_port": 8080
              },
              {
                "cidr_blocks": [
                  "0.0.0.0/0"
                ],
                "description": "HTTP",
                "from_port": 80,
                "ipv6_cidr_blocks": [],
                "prefix_list_ids": [],
                "protocol": "tcp",
                "security_groups": [],
                "self": false,
                "to_port": 80
              },
              {
                "cidr_blocks": [
                  "0.0.0.0/0"
                ],
                "description": "Kubernetes NodePort range",
                "from_port": 30000,
                "ipv6_cidr_blocks": [],
                "prefix_list_ids": [],
                "protocol": "tcp",
                "security_groups": [],
                "self": false,
                "to_port": 32767
              },
              {
                "cidr_blocks": [
                  "0.0.0.0/0"
                ],
                "description": "SSH",
                "from_port": 22,
                "ipv6_cidr_blocks": [],
                "prefix_list_ids": [],
                "protocol": "tcp",
                "security_groups": [],
                "self": false,
                "to_port": 22
              }
            ],
            "name": "project3-sg",
            "name_prefix": "",
            "owner_id": "127424155409",
            "revoke_rules_on_delete": false,
            "tags": {
              "Name": "project3-sg"
            },
            "tags_all": {
              "Name": "project3-sg"
            },
            "timeouts": null,
            "vpc_id": "vpc-0a1f1e1ff972d0dde"
          },
          "sensitive_attributes": [],
          "identity_schema_version": 0,
          "private": "eyJlMmJmYjczMC1lY2FhLTExZTYtOGY4OC0zNDM2M2JjN2M0YzAiOnsiY3JlYXRlIjo2MDAwMDAwMDAwMDAsImRlbGV0ZSI6OTAwMDAwMDAwMDAwfSwic2NoZW1hX3ZlcnNpb24iOiIxIn0=",
          "dependencies": [
            "aws_vpc.project3_vpc"
          ]
        }
      ]
    },
    {
      "mode": "managed",
      "type": "aws_subnet",
      "name": "project3_subnet",
      "provider": "provider[\"registry.terraform.io/hashicorp/aws\"]",
      "instances": [
        {
          "schema_version": 1,
          "attributes": {
            "arn": "arn:aws:ec2:us-east-1:127424155409:subnet/subnet-074133dc2906fa787",
            "assign_ipv6_address_on_creation": false,
            "availability_zone": "us-east-1a",
            "availability_zone_id": "use1-az1",
            "cidr_block": "10.0.1.0/24",
            "customer_owned_ipv4_pool": "",
            "enable_dns64": false,
            "enable_lni_at_device_index": 0,
            "enable_resource_name_dns_a_record_on_launch": false,
            "enable_resource_name_dns_aaaa_record_on_launch": false,
            "id": "subnet-074133dc2906fa787",
            "ipv6_cidr_block": "",
            "ipv6_cidr_block_association_id": "",
            "ipv6_native": false,
            "map_customer_owned_ip_on_launch": false,
            "map_public_ip_on_launch": true,
            "outpost_arn": "",
            "owner_id": "127424155409",
            "private_dns_hostname_type_on_launch": "ip-name",
            "tags": {
              "Name": "project3-subnet"
            },
            "tags_all": {
              "Name": "project3-subnet"
            },
            "timeouts": null,
            "vpc_id": "vpc-0a1f1e1ff972d0dde"
          },
          "sensitive_attributes": [],
          "identity_schema_version": 0,
          "private": "eyJlMmJmYjczMC1lY2FhLTExZTYtOGY4OC0zNDM2M2JjN2M0YzAiOnsiY3JlYXRlIjo2MDAwMDAwMDAwMDAsImRlbGV0ZSI6MTIwMDAwMDAwMDAwMH0sInNjaGVtYV92ZXJzaW9uIjoiMSJ9",
          "dependencies": [
            "aws_vpc.project3_vpc"
          ]
        }
      ]
    },
    {
      "mode": "managed",
      "type": "aws_vpc",
      "name": "project3_vpc",
      "provider": "provider[\"registry.terraform.io/hashicorp/aws\"]",
      "instances": [
        {
          "schema_version": 1,
          "attributes": {
            "arn": "arn:aws:ec2:us-east-1:127424155409:vpc/vpc-0a1f1e1ff972d0dde",
            "assign_generated_ipv6_cidr_block": false,
            "cidr_block": "10.0.0.0/16",
            "default_network_acl_id": "acl-014066df3d776b7da",
            "default_route_table_id": "rtb-039a084f6351bb20d",
            "default_security_group_id": "sg-0e352e1793e7103c9",
            "dhcp_options_id": "dopt-05d56926edd1514ea",
            "enable_dns_hostnames": true,
            "enable_dns_support": true,
            "enable_network_address_usage_metrics": false,
            "id": "vpc-0a1f1e1ff972d0dde",
            "instance_tenancy": "default",
            "ipv4_ipam_pool_id": null,
            "ipv4_netmask_length": null,
            "ipv6_association_id": "",
            "ipv6_cidr_block": "",
            "ipv6_cidr_block_network_border_group": "",
            "ipv6_ipam_pool_id": "",
            "ipv6_netmask_length": 0,
            "main_route_table_id": "rtb-039a084f6351bb20d",
            "owner_id": "127424155409",
            "tags": {
              "Name": "project3-vpc"
            },
            "tags_all": {
              "Name": "project3-vpc"
            }
          },
          "sensitive_attributes": [],
          "identity_schema_version": 0,
          "private": "eyJzY2hlbWFfdmVyc2lvbiI6IjEifQ=="
        }
      ]
    }
  ],
  "check_results": null
}
